// !$*UTF8*$!
{
	archiveVersion = 1;
	classes = {
	};
	objectVersion = 46;
	objects = {

/* Begin PBXBuildFile section */
		CE1A7889177262E300864D25 /* DataManager.m in Sources */ = {isa = PBXBuildFile; fileRef = CE1A7888177262E300864D25 /* DataManager.m */; };
		CE4F0B8A1773A961003A5F92 /* data.json in Resources */ = {isa = PBXBuildFile; fileRef = CE4F0B891773A961003A5F92 /* data.json */; };
		CE5D80AB1795EE9F00790685 /* WCAlertView.m in Sources */ = {isa = PBXBuildFile; fileRef = CE5D80AA1795EE9F00790685 /* WCAlertView.m */; };
		CE5D80B117960F1400790685 /* RestaurantViewController.m in Sources */ = {isa = PBXBuildFile; fileRef = CE5D80B017960F1400790685 /* RestaurantViewController.m */; };
		CE6D7B89179C207C00F7A6F9 /* OrderViewController.m in Sources */ = {isa = PBXBuildFile; fileRef = CE6D7B88179C207C00F7A6F9 /* OrderViewController.m */; };
		CE6D7B8C179C22DE00F7A6F9 /* OrderData.m in Sources */ = {isa = PBXBuildFile; fileRef = CE6D7B8B179C22DE00F7A6F9 /* OrderData.m */; };
		CE71E4CD177A37CC0018C76B /* spring.jpg in Resources */ = {isa = PBXBuildFile; fileRef = CE71E4CC177A37CC0018C76B /* spring.jpg */; };
		CE77BD19179A20420016549A /* DishViewController.m in Sources */ = {isa = PBXBuildFile; fileRef = CE77BD18179A20420016549A /* DishViewController.m */; };
		CE77BD1C179ABBE70016549A /* DishDescriptionViewController.m in Sources */ = {isa = PBXBuildFile; fileRef = CE77BD1B179ABBE70016549A /* DishDescriptionViewController.m */; };
		CEB322D3176E0E6400F46463 /* UIKit.framework in Frameworks */ = {isa = PBXBuildFile; fileRef = CEB322D2176E0E6400F46463 /* UIKit.framework */; };
		CEB322D5176E0E6400F46463 /* Foundation.framework in Frameworks */ = {isa = PBXBuildFile; fileRef = CEB322D4176E0E6400F46463 /* Foundation.framework */; };
		CEB322D7176E0E6400F46463 /* CoreGraphics.framework in Frameworks */ = {isa = PBXBuildFile; fileRef = CEB322D6176E0E6400F46463 /* CoreGraphics.framework */; };
		CEB322DD176E0E6400F46463 /* InfoPlist.strings in Resources */ = {isa = PBXBuildFile; fileRef = CEB322DB176E0E6400F46463 /* InfoPlist.strings */; };
		CEB322DF176E0E6400F46463 /* main.m in Sources */ = {isa = PBXBuildFile; fileRef = CEB322DE176E0E6400F46463 /* main.m */; };
		CEB322E3176E0E6400F46463 /* DigitalMenuAppDelegate.m in Sources */ = {isa = PBXBuildFile; fileRef = CEB322E2176E0E6400F46463 /* DigitalMenuAppDelegate.m */; };
		CEB322E5176E0E6400F46463 /* Default.png in Resources */ = {isa = PBXBuildFile; fileRef = CEB322E4176E0E6400F46463 /* Default.png */; };
		CEB322E7176E0E6400F46463 /* Default@2x.png in Resources */ = {isa = PBXBuildFile; fileRef = CEB322E6176E0E6400F46463 /* Default@2x.png */; };
		CEB322E9176E0E6400F46463 /* Default-568h@2x.png in Resources */ = {isa = PBXBuildFile; fileRef = CEB322E8176E0E6400F46463 /* Default-568h@2x.png */; };
		CEB322EC176E0E6400F46463 /* MainStoryboard.storyboard in Resources */ = {isa = PBXBuildFile; fileRef = CEB322EA176E0E6400F46463 /* MainStoryboard.storyboard */; };
		CEB322EF176E0E6400F46463 /* PickRestaurantViewController.m in Sources */ = {isa = PBXBuildFile; fileRef = CEB322EE176E0E6400F46463 /* PickRestaurantViewController.m */; };
		CEB322F6176E321A00F46463 /* MapKit.framework in Frameworks */ = {isa = PBXBuildFile; fileRef = CEB322F5176E321A00F46463 /* MapKit.framework */; };
		CEB322F8176E5D3A00F46463 /* CoreLocation.framework in Frameworks */ = {isa = PBXBuildFile; fileRef = CEB322F7176E5D3A00F46463 /* CoreLocation.framework */; };
		CEB738701776597F008B29A8 /* SBJsonParser.m in Sources */ = {isa = PBXBuildFile; fileRef = CEB7385D1776597F008B29A8 /* SBJsonParser.m */; };
		CEB738711776597F008B29A8 /* SBJsonStreamParser.m in Sources */ = {isa = PBXBuildFile; fileRef = CEB7385F1776597F008B29A8 /* SBJsonStreamParser.m */; };
		CEB738721776597F008B29A8 /* SBJsonStreamParserAccumulator.m in Sources */ = {isa = PBXBuildFile; fileRef = CEB738611776597F008B29A8 /* SBJsonStreamParserAccumulator.m */; };
		CEB738731776597F008B29A8 /* SBJsonStreamParserAdapter.m in Sources */ = {isa = PBXBuildFile; fileRef = CEB738631776597F008B29A8 /* SBJsonStreamParserAdapter.m */; };
		CEB738741776597F008B29A8 /* SBJsonStreamParserState.m in Sources */ = {isa = PBXBuildFile; fileRef = CEB738651776597F008B29A8 /* SBJsonStreamParserState.m */; };
		CEB738751776597F008B29A8 /* SBJsonStreamTokeniser.m in Sources */ = {isa = PBXBuildFile; fileRef = CEB738671776597F008B29A8 /* SBJsonStreamTokeniser.m */; };
		CEB738761776597F008B29A8 /* SBJsonStreamWriter.m in Sources */ = {isa = PBXBuildFile; fileRef = CEB738691776597F008B29A8 /* SBJsonStreamWriter.m */; };
		CEB738771776597F008B29A8 /* SBJsonStreamWriterAccumulator.m in Sources */ = {isa = PBXBuildFile; fileRef = CEB7386B1776597F008B29A8 /* SBJsonStreamWriterAccumulator.m */; };
		CEB738781776597F008B29A8 /* SBJsonStreamWriterState.m in Sources */ = {isa = PBXBuildFile; fileRef = CEB7386D1776597F008B29A8 /* SBJsonStreamWriterState.m */; };
		CEB738791776597F008B29A8 /* SBJsonWriter.m in Sources */ = {isa = PBXBuildFile; fileRef = CEB7386F1776597F008B29A8 /* SBJsonWriter.m */; };
		CEE256C31798A1F300826524 /* MapViewController.m in Sources */ = {isa = PBXBuildFile; fileRef = CEE256C21798A1F300826524 /* MapViewController.m */; };
		CEE865D7178CAC17004780AC /* SplashScreenViewController.m in Sources */ = {isa = PBXBuildFile; fileRef = CEE865D6178CAC17004780AC /* SplashScreenViewController.m */; };
		CEE865DA178CBAE3004780AC /* LoadingScreenViewController.m in Sources */ = {isa = PBXBuildFile; fileRef = CEE865D9178CBAE3004780AC /* LoadingScreenViewController.m */; };
		CEF27E311799E845002CAB81 /* RestaurantLocation.m in Sources */ = {isa = PBXBuildFile; fileRef = CEF27E301799E845002CAB81 /* RestaurantLocation.m */; };
/* End PBXBuildFile section */

/* Begin PBXFileReference section */
		CE1A7887177262E300864D25 /* DataManager.h */ = {isa = PBXFileReference; fileEncoding = 4; lastKnownFileType = sourcecode.c.h; path = DataManager.h; sourceTree = "<group>"; };
		CE1A7888177262E300864D25 /* DataManager.m */ = {isa = PBXFileReference; fileEncoding = 4; lastKnownFileType = sourcecode.c.objc; path = DataManager.m; sourceTree = "<group>"; };
		CE4F0B891773A961003A5F92 /* data.json */ = {isa = PBXFileReference; fileEncoding = 4; lastKnownFileType = text.json; path = data.json; sourceTree = "<group>"; };
		CE5D80A91795EE9F00790685 /* WCAlertView.h */ = {isa = PBXFileReference; fileEncoding = 4; lastKnownFileType = sourcecode.c.h; path = WCAlertView.h; sourceTree = "<group>"; };
		CE5D80AA1795EE9F00790685 /* WCAlertView.m */ = {isa = PBXFileReference; fileEncoding = 4; lastKnownFileType = sourcecode.c.objc; path = WCAlertView.m; sourceTree = "<group>"; };
		CE5D80AF17960F1400790685 /* RestaurantViewController.h */ = {isa = PBXFileReference; fileEncoding = 4; lastKnownFileType = sourcecode.c.h; path = RestaurantViewController.h; sourceTree = "<group>"; };
		CE5D80B017960F1400790685 /* RestaurantViewController.m */ = {isa = PBXFileReference; fileEncoding = 4; lastKnownFileType = sourcecode.c.objc; path = RestaurantViewController.m; sourceTree = "<group>"; };
		CE6D7B87179C207C00F7A6F9 /* OrderViewController.h */ = {isa = PBXFileReference; fileEncoding = 4; lastKnownFileType = sourcecode.c.h; path = OrderViewController.h; sourceTree = "<group>"; };
		CE6D7B88179C207C00F7A6F9 /* OrderViewController.m */ = {isa = PBXFileReference; fileEncoding = 4; lastKnownFileType = sourcecode.c.objc; path = OrderViewController.m; sourceTree = "<group>"; };
		CE6D7B8A179C22DE00F7A6F9 /* OrderData.h */ = {isa = PBXFileReference; fileEncoding = 4; lastKnownFileType = sourcecode.c.h; path = OrderData.h; sourceTree = "<group>"; };
		CE6D7B8B179C22DE00F7A6F9 /* OrderData.m */ = {isa = PBXFileReference; fileEncoding = 4; lastKnownFileType = sourcecode.c.objc; path = OrderData.m; sourceTree = "<group>"; };
		CE71E4CC177A37CC0018C76B /* spring.jpg */ = {isa = PBXFileReference; lastKnownFileType = image.jpeg; path = spring.jpg; sourceTree = "<group>"; };
		CE77BD17179A20420016549A /* DishViewController.h */ = {isa = PBXFileReference; fileEncoding = 4; lastKnownFileType = sourcecode.c.h; path = DishViewController.h; sourceTree = "<group>"; };
		CE77BD18179A20420016549A /* DishViewController.m */ = {isa = PBXFileReference; fileEncoding = 4; lastKnownFileType = sourcecode.c.objc; path = DishViewController.m; sourceTree = "<group>"; };
		CE77BD1A179ABBE70016549A /* DishDescriptionViewController.h */ = {isa = PBXFileReference; fileEncoding = 4; lastKnownFileType = sourcecode.c.h; path = DishDescriptionViewController.h; sourceTree = "<group>"; };
		CE77BD1B179ABBE70016549A /* DishDescriptionViewController.m */ = {isa = PBXFileReference; fileEncoding = 4; lastKnownFileType = sourcecode.c.objc; path = DishDescriptionViewController.m; sourceTree = "<group>"; };
		CEB322CF176E0E6400F46463 /* DigitalMenu.app */ = {isa = PBXFileReference; explicitFileType = wrapper.application; includeInIndex = 0; path = DigitalMenu.app; sourceTree = BUILT_PRODUCTS_DIR; };
		CEB322D2176E0E6400F46463 /* UIKit.framework */ = {isa = PBXFileReference; lastKnownFileType = wrapper.framework; name = UIKit.framework; path = System/Library/Frameworks/UIKit.framework; sourceTree = SDKROOT; };
		CEB322D4176E0E6400F46463 /* Foundation.framework */ = {isa = PBXFileReference; lastKnownFileType = wrapper.framework; name = Foundation.framework; path = System/Library/Frameworks/Foundation.framework; sourceTree = SDKROOT; };
		CEB322D6176E0E6400F46463 /* CoreGraphics.framework */ = {isa = PBXFileReference; lastKnownFileType = wrapper.framework; name = CoreGraphics.framework; path = System/Library/Frameworks/CoreGraphics.framework; sourceTree = SDKROOT; };
		CEB322DA176E0E6400F46463 /* DigitalMenu-Info.plist */ = {isa = PBXFileReference; lastKnownFileType = text.plist.xml; path = "DigitalMenu-Info.plist"; sourceTree = "<group>"; };
		CEB322DC176E0E6400F46463 /* en */ = {isa = PBXFileReference; lastKnownFileType = text.plist.strings; name = en; path = en.lproj/InfoPlist.strings; sourceTree = "<group>"; };
		CEB322DE176E0E6400F46463 /* main.m */ = {isa = PBXFileReference; lastKnownFileType = sourcecode.c.objc; path = main.m; sourceTree = "<group>"; };
		CEB322E0176E0E6400F46463 /* DigitalMenu-Prefix.pch */ = {isa = PBXFileReference; lastKnownFileType = sourcecode.c.h; path = "DigitalMenu-Prefix.pch"; sourceTree = "<group>"; };
		CEB322E1176E0E6400F46463 /* DigitalMenuAppDelegate.h */ = {isa = PBXFileReference; lastKnownFileType = sourcecode.c.h; path = DigitalMenuAppDelegate.h; sourceTree = "<group>"; };
		CEB322E2176E0E6400F46463 /* DigitalMenuAppDelegate.m */ = {isa = PBXFileReference; lastKnownFileType = sourcecode.c.objc; path = DigitalMenuAppDelegate.m; sourceTree = "<group>"; };
		CEB322E4176E0E6400F46463 /* Default.png */ = {isa = PBXFileReference; lastKnownFileType = image.png; path = Default.png; sourceTree = "<group>"; };
		CEB322E6176E0E6400F46463 /* Default@2x.png */ = {isa = PBXFileReference; lastKnownFileType = image.png; path = "Default@2x.png"; sourceTree = "<group>"; };
		CEB322E8176E0E6400F46463 /* Default-568h@2x.png */ = {isa = PBXFileReference; lastKnownFileType = image.png; path = "Default-568h@2x.png"; sourceTree = "<group>"; };
		CEB322EB176E0E6400F46463 /* en */ = {isa = PBXFileReference; lastKnownFileType = file.storyboard; name = en; path = en.lproj/MainStoryboard.storyboard; sourceTree = "<group>"; };
		CEB322ED176E0E6400F46463 /* PickRestaurantViewController.h */ = {isa = PBXFileReference; lastKnownFileType = sourcecode.c.h; path = PickRestaurantViewController.h; sourceTree = "<group>"; };
		CEB322EE176E0E6400F46463 /* PickRestaurantViewController.m */ = {isa = PBXFileReference; lastKnownFileType = sourcecode.c.objc; path = PickRestaurantViewController.m; sourceTree = "<group>"; };
		CEB322F5176E321A00F46463 /* MapKit.framework */ = {isa = PBXFileReference; lastKnownFileType = wrapper.framework; name = MapKit.framework; path = System/Library/Frameworks/MapKit.framework; sourceTree = SDKROOT; };
		CEB322F7176E5D3A00F46463 /* CoreLocation.framework */ = {isa = PBXFileReference; lastKnownFileType = wrapper.framework; name = CoreLocation.framework; path = System/Library/Frameworks/CoreLocation.framework; sourceTree = SDKROOT; };
		CEB7385B1776597F008B29A8 /* SBJson.h */ = {isa = PBXFileReference; fileEncoding = 4; lastKnownFileType = sourcecode.c.h; path = SBJson.h; sourceTree = "<group>"; };
		CEB7385C1776597F008B29A8 /* SBJsonParser.h */ = {isa = PBXFileReference; fileEncoding = 4; lastKnownFileType = sourcecode.c.h; path = SBJsonParser.h; sourceTree = "<group>"; };
		CEB7385D1776597F008B29A8 /* SBJsonParser.m */ = {isa = PBXFileReference; fileEncoding = 4; lastKnownFileType = sourcecode.c.objc; path = SBJsonParser.m; sourceTree = "<group>"; };
		CEB7385E1776597F008B29A8 /* SBJsonStreamParser.h */ = {isa = PBXFileReference; fileEncoding = 4; lastKnownFileType = sourcecode.c.h; path = SBJsonStreamParser.h; sourceTree = "<group>"; };
		CEB7385F1776597F008B29A8 /* SBJsonStreamParser.m */ = {isa = PBXFileReference; fileEncoding = 4; lastKnownFileType = sourcecode.c.objc; path = SBJsonStreamParser.m; sourceTree = "<group>"; };
		CEB738601776597F008B29A8 /* SBJsonStreamParserAccumulator.h */ = {isa = PBXFileReference; fileEncoding = 4; lastKnownFileType = sourcecode.c.h; path = SBJsonStreamParserAccumulator.h; sourceTree = "<group>"; };
		CEB738611776597F008B29A8 /* SBJsonStreamParserAccumulator.m */ = {isa = PBXFileReference; fileEncoding = 4; lastKnownFileType = sourcecode.c.objc; path = SBJsonStreamParserAccumulator.m; sourceTree = "<group>"; };
		CEB738621776597F008B29A8 /* SBJsonStreamParserAdapter.h */ = {isa = PBXFileReference; fileEncoding = 4; lastKnownFileType = sourcecode.c.h; path = SBJsonStreamParserAdapter.h; sourceTree = "<group>"; };
		CEB738631776597F008B29A8 /* SBJsonStreamParserAdapter.m */ = {isa = PBXFileReference; fileEncoding = 4; lastKnownFileType = sourcecode.c.objc; path = SBJsonStreamParserAdapter.m; sourceTree = "<group>"; };
		CEB738641776597F008B29A8 /* SBJsonStreamParserState.h */ = {isa = PBXFileReference; fileEncoding = 4; lastKnownFileType = sourcecode.c.h; path = SBJsonStreamParserState.h; sourceTree = "<group>"; };
		CEB738651776597F008B29A8 /* SBJsonStreamParserState.m */ = {isa = PBXFileReference; fileEncoding = 4; lastKnownFileType = sourcecode.c.objc; path = SBJsonStreamParserState.m; sourceTree = "<group>"; };
		CEB738661776597F008B29A8 /* SBJsonStreamTokeniser.h */ = {isa = PBXFileReference; fileEncoding = 4; lastKnownFileType = sourcecode.c.h; path = SBJsonStreamTokeniser.h; sourceTree = "<group>"; };
		CEB738671776597F008B29A8 /* SBJsonStreamTokeniser.m */ = {isa = PBXFileReference; fileEncoding = 4; lastKnownFileType = sourcecode.c.objc; path = SBJsonStreamTokeniser.m; sourceTree = "<group>"; };
		CEB738681776597F008B29A8 /* SBJsonStreamWriter.h */ = {isa = PBXFileReference; fileEncoding = 4; lastKnownFileType = sourcecode.c.h; path = SBJsonStreamWriter.h; sourceTree = "<group>"; };
		CEB738691776597F008B29A8 /* SBJsonStreamWriter.m */ = {isa = PBXFileReference; fileEncoding = 4; lastKnownFileType = sourcecode.c.objc; path = SBJsonStreamWriter.m; sourceTree = "<group>"; };
		CEB7386A1776597F008B29A8 /* SBJsonStreamWriterAccumulator.h */ = {isa = PBXFileReference; fileEncoding = 4; lastKnownFileType = sourcecode.c.h; path = SBJsonStreamWriterAccumulator.h; sourceTree = "<group>"; };
		CEB7386B1776597F008B29A8 /* SBJsonStreamWriterAccumulator.m */ = {isa = PBXFileReference; fileEncoding = 4; lastKnownFileType = sourcecode.c.objc; path = SBJsonStreamWriterAccumulator.m; sourceTree = "<group>"; };
		CEB7386C1776597F008B29A8 /* SBJsonStreamWriterState.h */ = {isa = PBXFileReference; fileEncoding = 4; lastKnownFileType = sourcecode.c.h; path = SBJsonStreamWriterState.h; sourceTree = "<group>"; };
		CEB7386D1776597F008B29A8 /* SBJsonStreamWriterState.m */ = {isa = PBXFileReference; fileEncoding = 4; lastKnownFileType = sourcecode.c.objc; path = SBJsonStreamWriterState.m; sourceTree = "<group>"; };
		CEB7386E1776597F008B29A8 /* SBJsonWriter.h */ = {isa = PBXFileReference; fileEncoding = 4; lastKnownFileType = sourcecode.c.h; path = SBJsonWriter.h; sourceTree = "<group>"; };
		CEB7386F1776597F008B29A8 /* SBJsonWriter.m */ = {isa = PBXFileReference; fileEncoding = 4; lastKnownFileType = sourcecode.c.objc; path = SBJsonWriter.m; sourceTree = "<group>"; };
		CEE256C11798A1F300826524 /* MapViewController.h */ = {isa = PBXFileReference; fileEncoding = 4; lastKnownFileType = sourcecode.c.h; path = MapViewController.h; sourceTree = "<group>"; };
		CEE256C21798A1F300826524 /* MapViewController.m */ = {isa = PBXFileReference; fileEncoding = 4; lastKnownFileType = sourcecode.c.objc; path = MapViewController.m; sourceTree = "<group>"; };
		CEE865D5178CAC17004780AC /* SplashScreenViewController.h */ = {isa = PBXFileReference; fileEncoding = 4; lastKnownFileType = sourcecode.c.h; path = SplashScreenViewController.h; sourceTree = "<group>"; };
		CEE865D6178CAC17004780AC /* SplashScreenViewController.m */ = {isa = PBXFileReference; fileEncoding = 4; lastKnownFileType = sourcecode.c.objc; path = SplashScreenViewController.m; sourceTree = "<group>"; };
		CEE865D8178CBAE3004780AC /* LoadingScreenViewController.h */ = {isa = PBXFileReference; fileEncoding = 4; lastKnownFileType = sourcecode.c.h; path = LoadingScreenViewController.h; sourceTree = "<group>"; };
		CEE865D9178CBAE3004780AC /* LoadingScreenViewController.m */ = {isa = PBXFileReference; fileEncoding = 4; lastKnownFileType = sourcecode.c.objc; path = LoadingScreenViewController.m; sourceTree = "<group>"; };
		CEF27E2F1799E845002CAB81 /* RestaurantLocation.h */ = {isa = PBXFileReference; fileEncoding = 4; lastKnownFileType = sourcecode.c.h; path = RestaurantLocation.h; sourceTree = "<group>"; };
		CEF27E301799E845002CAB81 /* RestaurantLocation.m */ = {isa = PBXFileReference; fileEncoding = 4; lastKnownFileType = sourcecode.c.objc; path = RestaurantLocation.m; sourceTree = "<group>"; };
		CEF93BC91792F25C0006F8CB /* SplashScreenViewControllerDelegate.h */ = {isa = PBXFileReference; lastKnownFileType = sourcecode.c.h; path = SplashScreenViewControllerDelegate.h; sourceTree = "<group>"; };
		CEF93BCB179303D60006F8CB /* Debug.h */ = {isa = PBXFileReference; lastKnownFileType = sourcecode.c.h; path = Debug.h; sourceTree = "<group>"; };
		CEF93BCC179322BD0006F8CB /* LoadingScreenViewControllerDelegate.h */ = {isa = PBXFileReference; lastKnownFileType = sourcecode.c.h; path = LoadingScreenViewControllerDelegate.h; sourceTree = "<group>"; };
/* End PBXFileReference section */

/* Begin PBXFrameworksBuildPhase section */
		CEB322CC176E0E6400F46463 /* Frameworks */ = {
			isa = PBXFrameworksBuildPhase;
			buildActionMask = 2147483647;
			files = (
				CEB322F8176E5D3A00F46463 /* CoreLocation.framework in Frameworks */,
				CEB322F6176E321A00F46463 /* MapKit.framework in Frameworks */,
				CEB322D3176E0E6400F46463 /* UIKit.framework in Frameworks */,
				CEB322D5176E0E6400F46463 /* Foundation.framework in Frameworks */,
				CEB322D7176E0E6400F46463 /* CoreGraphics.framework in Frameworks */,
			);
			runOnlyForDeploymentPostprocessing = 0;
		};
/* End PBXFrameworksBuildPhase section */

/* Begin PBXGroup section */
		CE5D80A81795EE5F00790685 /* Views */ = {
			isa = PBXGroup;
			children = (
				CE5D80A91795EE9F00790685 /* WCAlertView.h */,
				CE5D80AA1795EE9F00790685 /* WCAlertView.m */,
			);
			name = Views;
			sourceTree = "<group>";
		};
		CEB322C6176E0E6400F46463 = {
			isa = PBXGroup;
			children = (
				CEB322F7176E5D3A00F46463 /* CoreLocation.framework */,
				CEB322F5176E321A00F46463 /* MapKit.framework */,
				CEB322D8176E0E6400F46463 /* DigitalMenu */,
				CEB322D1176E0E6400F46463 /* Frameworks */,
				CEB322D0176E0E6400F46463 /* Products */,
			);
			sourceTree = "<group>";
		};
		CEB322D0176E0E6400F46463 /* Products */ = {
			isa = PBXGroup;
			children = (
				CEB322CF176E0E6400F46463 /* DigitalMenu.app */,
			);
			name = Products;
			sourceTree = "<group>";
		};
		CEB322D1176E0E6400F46463 /* Frameworks */ = {
			isa = PBXGroup;
			children = (
				CEB322D2176E0E6400F46463 /* UIKit.framework */,
				CEB322D4176E0E6400F46463 /* Foundation.framework */,
				CEB322D6176E0E6400F46463 /* CoreGraphics.framework */,
			);
			name = Frameworks;
			sourceTree = "<group>";
		};
		CEB322D8176E0E6400F46463 /* DigitalMenu */ = {
			isa = PBXGroup;
			children = (
				CE5D80A81795EE5F00790685 /* Views */,
				CEF936FF1795C1700045178B /* Delegates */,
				CEF936FE1795C1130045178B /* Util */,
				CEF936FD1795C1000045178B /* DataSource */,
				CEF936FC1795C0BD0045178B /* Controllers */,
				CEC9D49817775D0900D4EF79 /* data */,
				CEB7385A1776597F008B29A8 /* Json */,
				CEB322E1176E0E6400F46463 /* DigitalMenuAppDelegate.h */,
				CEB322E2176E0E6400F46463 /* DigitalMenuAppDelegate.m */,
				CEB322EA176E0E6400F46463 /* MainStoryboard.storyboard */,
				CEB322D9176E0E6400F46463 /* Supporting Files */,
				CEF27E2F1799E845002CAB81 /* RestaurantLocation.h */,
				CEF27E301799E845002CAB81 /* RestaurantLocation.m */,
			);
			path = DigitalMenu;
			sourceTree = "<group>";
		};
		CEB322D9176E0E6400F46463 /* Supporting Files */ = {
			isa = PBXGroup;
			children = (
				CE71E4CC177A37CC0018C76B /* spring.jpg */,
				CEB322DA176E0E6400F46463 /* DigitalMenu-Info.plist */,
				CEB322DB176E0E6400F46463 /* InfoPlist.strings */,
				CEB322DE176E0E6400F46463 /* main.m */,
				CEB322E0176E0E6400F46463 /* DigitalMenu-Prefix.pch */,
				CEB322E4176E0E6400F46463 /* Default.png */,
				CEB322E6176E0E6400F46463 /* Default@2x.png */,
				CEB322E8176E0E6400F46463 /* Default-568h@2x.png */,
			);
			name = "Supporting Files";
			sourceTree = "<group>";
		};
		CEB7385A1776597F008B29A8 /* Json */ = {
			isa = PBXGroup;
			children = (
				CEB7385B1776597F008B29A8 /* SBJson.h */,
				CEB7385C1776597F008B29A8 /* SBJsonParser.h */,
				CEB7385D1776597F008B29A8 /* SBJsonParser.m */,
				CEB7385E1776597F008B29A8 /* SBJsonStreamParser.h */,
				CEB7385F1776597F008B29A8 /* SBJsonStreamParser.m */,
				CEB738601776597F008B29A8 /* SBJsonStreamParserAccumulator.h */,
				CEB738611776597F008B29A8 /* SBJsonStreamParserAccumulator.m */,
				CEB738621776597F008B29A8 /* SBJsonStreamParserAdapter.h */,
				CEB738631776597F008B29A8 /* SBJsonStreamParserAdapter.m */,
				CEB738641776597F008B29A8 /* SBJsonStreamParserState.h */,
				CEB738651776597F008B29A8 /* SBJsonStreamParserState.m */,
				CEB738661776597F008B29A8 /* SBJsonStreamTokeniser.h */,
				CEB738671776597F008B29A8 /* SBJsonStreamTokeniser.m */,
				CEB738681776597F008B29A8 /* SBJsonStreamWriter.h */,
				CEB738691776597F008B29A8 /* SBJsonStreamWriter.m */,
				CEB7386A1776597F008B29A8 /* SBJsonStreamWriterAccumulator.h */,
				CEB7386B1776597F008B29A8 /* SBJsonStreamWriterAccumulator.m */,
				CEB7386C1776597F008B29A8 /* SBJsonStreamWriterState.h */,
				CEB7386D1776597F008B29A8 /* SBJsonStreamWriterState.m */,
				CEB7386E1776597F008B29A8 /* SBJsonWriter.h */,
				CEB7386F1776597F008B29A8 /* SBJsonWriter.m */,
			);
			name = Json;
			path = json;
			sourceTree = "<group>";
		};
		CEC9D49817775D0900D4EF79 /* data */ = {
			isa = PBXGroup;
			children = (
				CE4F0B891773A961003A5F92 /* data.json */,
			);
			name = data;
			sourceTree = "<group>";
		};
		CEF936FC1795C0BD0045178B /* Controllers */ = {
			isa = PBXGroup;
			children = (
				CEE865D9178CBAE3004780AC /* LoadingScreenViewController.m */,
				CEE865D8178CBAE3004780AC /* LoadingScreenViewController.h */,
				CEE865D5178CAC17004780AC /* SplashScreenViewController.h */,
				CEE865D6178CAC17004780AC /* SplashScreenViewController.m */,
				CEB322ED176E0E6400F46463 /* PickRestaurantViewController.h */,
				CEB322EE176E0E6400F46463 /* PickRestaurantViewController.m */,
				CE5D80AF17960F1400790685 /* RestaurantViewController.h */,
				CE5D80B017960F1400790685 /* RestaurantViewController.m */,
				CEE256C11798A1F300826524 /* MapViewController.h */,
				CEE256C21798A1F300826524 /* MapViewController.m */,
				CE77BD17179A20420016549A /* DishViewController.h */,
				CE77BD18179A20420016549A /* DishViewController.m */,
				CE77BD1A179ABBE70016549A /* DishDescriptionViewController.h */,
				CE77BD1B179ABBE70016549A /* DishDescriptionViewController.m */,
				CE6D7B87179C207C00F7A6F9 /* OrderViewController.h */,
				CE6D7B88179C207C00F7A6F9 /* OrderViewController.m */,
			);
			name = Controllers;
			sourceTree = "<group>";
		};
		CEF936FD1795C1000045178B /* DataSource */ = {
			isa = PBXGroup;
			children = (
				CE1A7887177262E300864D25 /* DataManager.h */,
				CE1A7888177262E300864D25 /* DataManager.m */,
				CE6D7B8A179C22DE00F7A6F9 /* OrderData.h */,
				CE6D7B8B179C22DE00F7A6F9 /* OrderData.m */,
			);
			name = DataSource;
			sourceTree = "<group>";
		};
		CEF936FE1795C1130045178B /* Util */ = {
			isa = PBXGroup;
			children = (
				CEF93BCB179303D60006F8CB /* Debug.h */,
			);
			name = Util;
			sourceTree = "<group>";
		};
		CEF936FF1795C1700045178B /* Delegates */ = {
			isa = PBXGroup;
			children = (
				CEF93BC91792F25C0006F8CB /* SplashScreenViewControllerDelegate.h */,
				CEF93BCC179322BD0006F8CB /* LoadingScreenViewControllerDelegate.h */,
			);
			name = Delegates;
			sourceTree = "<group>";
		};
/* End PBXGroup section */

/* Begin PBXNativeTarget section */
		CEB322CE176E0E6400F46463 /* DigitalMenu */ = {
			isa = PBXNativeTarget;
			buildConfigurationList = CEB322F2176E0E6400F46463 /* Build configuration list for PBXNativeTarget "DigitalMenu" */;
			buildPhases = (
				CEB322CB176E0E6400F46463 /* Sources */,
				CEB322CC176E0E6400F46463 /* Frameworks */,
				CEB322CD176E0E6400F46463 /* Resources */,
			);
			buildRules = (
			);
			dependencies = (
			);
			name = DigitalMenu;
			productName = DigitalMenu;
			productReference = CEB322CF176E0E6400F46463 /* DigitalMenu.app */;
			productType = "com.apple.product-type.application";
		};
/* End PBXNativeTarget section */

/* Begin PBXProject section */
		CEB322C7176E0E6400F46463 /* Project object */ = {
			isa = PBXProject;
			attributes = {
				CLASSPREFIX = DigitalMenu;
				LastUpgradeCheck = 0460;
				ORGANIZATIONNAME = "Stanislav Pak";
			};
			buildConfigurationList = CEB322CA176E0E6400F46463 /* Build configuration list for PBXProject "DigitalMenu" */;
			compatibilityVersion = "Xcode 3.2";
			developmentRegion = English;
			hasScannedForEncodings = 0;
			knownRegions = (
				en,
			);
			mainGroup = CEB322C6176E0E6400F46463;
			productRefGroup = CEB322D0176E0E6400F46463 /* Products */;
			projectDirPath = "";
			projectRoot = "";
			targets = (
				CEB322CE176E0E6400F46463 /* DigitalMenu */,
			);
		};
/* End PBXProject section */

/* Begin PBXResourcesBuildPhase section */
		CEB322CD176E0E6400F46463 /* Resources */ = {
			isa = PBXResourcesBuildPhase;
			buildActionMask = 2147483647;
			files = (
				CEB322DD176E0E6400F46463 /* InfoPlist.strings in Resources */,
				CEB322E5176E0E6400F46463 /* Default.png in Resources */,
				CEB322E7176E0E6400F46463 /* Default@2x.png in Resources */,
				CEB322E9176E0E6400F46463 /* Default-568h@2x.png in Resources */,
				CEB322EC176E0E6400F46463 /* MainStoryboard.storyboard in Resources */,
				CE4F0B8A1773A961003A5F92 /* data.json in Resources */,
				CE71E4CD177A37CC0018C76B /* spring.jpg in Resources */,
			);
			runOnlyForDeploymentPostprocessing = 0;
		};
/* End PBXResourcesBuildPhase section */

/* Begin PBXSourcesBuildPhase section */
		CEB322CB176E0E6400F46463 /* Sources */ = {
			isa = PBXSourcesBuildPhase;
			buildActionMask = 2147483647;
			files = (
				CEB322DF176E0E6400F46463 /* main.m in Sources */,
				CEB322E3176E0E6400F46463 /* DigitalMenuAppDelegate.m in Sources */,
				CEB322EF176E0E6400F46463 /* PickRestaurantViewController.m in Sources */,
				CE1A7889177262E300864D25 /* DataManager.m in Sources */,
				CEB738701776597F008B29A8 /* SBJsonParser.m in Sources */,
				CEB738711776597F008B29A8 /* SBJsonStreamParser.m in Sources */,
				CEB738721776597F008B29A8 /* SBJsonStreamParserAccumulator.m in Sources */,
				CEB738731776597F008B29A8 /* SBJsonStreamParserAdapter.m in Sources */,
				CEB738741776597F008B29A8 /* SBJsonStreamParserState.m in Sources */,
				CEB738751776597F008B29A8 /* SBJsonStreamTokeniser.m in Sources */,
				CEB738761776597F008B29A8 /* SBJsonStreamWriter.m in Sources */,
				CEB738771776597F008B29A8 /* SBJsonStreamWriterAccumulator.m in Sources */,
				CEB738781776597F008B29A8 /* SBJsonStreamWriterState.m in Sources */,
				CEB738791776597F008B29A8 /* SBJsonWriter.m in Sources */,
				CEE865D7178CAC17004780AC /* SplashScreenViewController.m in Sources */,
				CEE865DA178CBAE3004780AC /* LoadingScreenViewController.m in Sources */,
				CE5D80AB1795EE9F00790685 /* WCAlertView.m in Sources */,
				CE5D80B117960F1400790685 /* RestaurantViewController.m in Sources */,
				CEE256C31798A1F300826524 /* MapViewController.m in Sources */,
				CEF27E311799E845002CAB81 /* RestaurantLocation.m in Sources */,
				CE77BD19179A20420016549A /* DishViewController.m in Sources */,
				CE77BD1C179ABBE70016549A /* DishDescriptionViewController.m in Sources */,
				CE6D7B89179C207C00F7A6F9 /* OrderViewController.m in Sources */,
				CE6D7B8C179C22DE00F7A6F9 /* OrderData.m in Sources */,
			);
			runOnlyForDeploymentPostprocessing = 0;
		};
/* End PBXSourcesBuildPhase section */

/* Begin PBXVariantGroup section */
		CEB322DB176E0E6400F46463 /* InfoPlist.strings */ = {
			isa = PBXVariantGroup;
			children = (
				CEB322DC176E0E6400F46463 /* en */,
			);
			name = InfoPlist.strings;
			sourceTree = "<group>";
		};
		CEB322EA176E0E6400F46463 /* MainStoryboard.storyboard */ = {
			isa = PBXVariantGroup;
			children = (
				CEB322EB176E0E6400F46463 /* en */,
			);
			name = MainStoryboard.storyboard;
			sourceTree = "<group>";
		};
/* End PBXVariantGroup section */

/* Begin XCBuildConfiguration section */
		CEB322F0176E0E6400F46463 /* Debug */ = {
			isa = XCBuildConfiguration;
			buildSettings = {
				ALWAYS_SEARCH_USER_PATHS = NO;
				CLANG_CXX_LANGUAGE_STANDARD = "gnu++0x";
				CLANG_CXX_LIBRARY = "libc++";
				CLANG_ENABLE_OBJC_ARC = YES;
				CLANG_WARN_CONSTANT_CONVERSION = YES;
				CLANG_WARN_EMPTY_BODY = YES;
				CLANG_WARN_ENUM_CONVERSION = YES;
				CLANG_WARN_INT_CONVERSION = YES;
				CLANG_WARN__DUPLICATE_METHOD_MATCH = YES;
				"CODE_SIGN_IDENTITY[sdk=iphoneos*]" = "iPhone Developer";
				COPY_PHASE_STRIP = NO;
				GCC_C_LANGUAGE_STANDARD = gnu99;
				GCC_DYNAMIC_NO_PIC = NO;
				GCC_OPTIMIZATION_LEVEL = 0;
				GCC_PREPROCESSOR_DEFINITIONS = (
					"DEBUG=1",
					"$(inherited)",
				);
				GCC_SYMBOLS_PRIVATE_EXTERN = NO;
				GCC_WARN_ABOUT_RETURN_TYPE = YES;
				GCC_WARN_UNINITIALIZED_AUTOS = YES;
				GCC_WARN_UNUSED_VARIABLE = YES;
				IPHONEOS_DEPLOYMENT_TARGET = 6.1;
				ONLY_ACTIVE_ARCH = YES;
				SDKROOT = iphoneos;
			};
			name = Debug;
		};
		CEB322F1176E0E6400F46463 /* Release */ = {
			isa = XCBuildConfiguration;
			buildSettings = {
				ALWAYS_SEARCH_USER_PATHS = NO;
				CLANG_CXX_LANGUAGE_STANDARD = "gnu++0x";
				CLANG_CXX_LIBRARY = "libc++";
				CLANG_ENABLE_OBJC_ARC = YES;
				CLANG_WARN_CONSTANT_CONVERSION = YES;
				CLANG_WARN_EMPTY_BODY = YES;
				CLANG_WARN_ENUM_CONVERSION = YES;
				CLANG_WARN_INT_CONVERSION = YES;
				CLANG_WARN__DUPLICATE_METHOD_MATCH = YES;
				"CODE_SIGN_IDENTITY[sdk=iphoneos*]" = "iPhone Developer";
				COPY_PHASE_STRIP = YES;
				GCC_C_LANGUAGE_STANDARD = gnu99;
				GCC_WARN_ABOUT_RETURN_TYPE = YES;
				GCC_WARN_UNINITIALIZED_AUTOS = YES;
				GCC_WARN_UNUSED_VARIABLE = YES;
				IPHONEOS_DEPLOYMENT_TARGET = 6.1;
				OTHER_CFLAGS = "-DNS_BLOCK_ASSERTIONS=1";
				SDKROOT = iphoneos;
				VALIDATE_PRODUCT = YES;
			};
			name = Release;
		};
		CEB322F3176E0E6400F46463 /* Debug */ = {
			isa = XCBuildConfiguration;
			buildSettings = {
				GCC_PRECOMPILE_PREFIX_HEADER = YES;
				GCC_PREFIX_HEADER = "DigitalMenu/DigitalMenu-Prefix.pch";
				INFOPLIST_FILE = "DigitalMenu/DigitalMenu-Info.plist";
				PRODUCT_NAME = "$(TARGET_NAME)";
				WRAPPER_EXTENSION = app;
			};
			name = Debug;
		};
		CEB322F4176E0E6400F46463 /* Release */ = {
			isa = XCBuildConfiguration;
			buildSettings = {
				GCC_PRECOMPILE_PREFIX_HEADER = YES;
				GCC_PREFIX_HEADER = "DigitalMenu/DigitalMenu-Prefix.pch";
				INFOPLIST_FILE = "DigitalMenu/DigitalMenu-Info.plist";
				PRODUCT_NAME = "$(TARGET_NAME)";
				WRAPPER_EXTENSION = app;
			};
			name = Release;
		};
/* End XCBuildConfiguration section */

/* Begin XCConfigurationList section */
		CEB322CA176E0E6400F46463 /* Build configuration list for PBXProject "DigitalMenu" */ = {
			isa = XCConfigurationList;
			buildConfigurations = (
				CEB322F0176E0E6400F46463 /* Debug */,
				CEB322F1176E0E6400F46463 /* Release */,
			);
			defaultConfigurationIsVisible = 0;
			defaultConfigurationName = Release;
		};
		CEB322F2176E0E6400F46463 /* Build configuration list for PBXNativeTarget "DigitalMenu" */ = {
			isa = XCConfigurationList;
			buildConfigurations = (
				CEB322F3176E0E6400F46463 /* Debug */,
				CEB322F4176E0E6400F46463 /* Release */,
			);
			defaultConfigurationIsVisible = 0;
			defaultConfigurationName = Release;
		};
/* End XCConfigurationList section */
	};
	rootObject = CEB322C7176E0E6400F46463 /* Project object */;
}
